{
  "name": "persona",
  "version": "0.1.0",
  "lockfileVersion": 1,
  "requires": true,
  "dependencies": {
    "flexboxgrid2": {
      "version": "7.2.1",
      "resolved": "https://registry.npmjs.org/flexboxgrid2/-/flexboxgrid2-7.2.1.tgz",
      "integrity": "sha512-O2bO5ZcBXnFy7cYmyt/CKb6CuwzNuUPxWJt8WOiaot8SetE9zyUahXGTSpKDm3+CTYQ5YeEMPeunMdjcxKJz4w==",
      "requires": {
        "normalize.css": "7.0.0"
      }
    },
    "flow-bin": {
      "version": "0.98.1",
      "resolved": "https://registry.npmjs.org/flow-bin/-/flow-bin-0.98.1.tgz",
      "integrity": "sha512-y1YzQgbFUX4EG6h2EO8PhyJeS0VxNgER8XsTwU8IXw4KozfneSmGVgw8y3TwAOza7rVhTlHEoli1xNuNW1rhPw=="
    },
    "js-tokens": {
      "version": "4.0.0",
      "resolved": "https://registry.npmjs.org/js-tokens/-/js-tokens-4.0.0.tgz",
      "integrity": "sha512-RdJUflcE3cUzKiMqQgsCu06FPu9UdIJO0beYbPhHN4k6apgJtifcoCtT9bcxOpYBtpD2kCM6Sbzg4CausW/PKQ=="
    },
    "loose-envify": {
      "version": "1.4.0",
      "resolved": "https://registry.npmjs.org/loose-envify/-/loose-envify-1.4.0.tgz",
      "integrity": "sha512-lyuxPGr/Wfhrlem2CL/UcnUc1zcqKAImBDzukY7Y5F/yQiNdko6+fRLevlw1HgMySw7f611UIY408EtxRSoK3Q==",
      "requires": {
        "js-tokens": "4.0.0"
      }
    },
    "normalize.css": {
      "version": "7.0.0",
      "resolved": "https://registry.npmjs.org/normalize.css/-/normalize.css-7.0.0.tgz",
      "integrity": "sha1-q/sd2CRwZ04DIrU86xqvQSk45L8="
    },
    "object-assign": {
      "version": "4.1.1",
      "resolved": "https://registry.npmjs.org/object-assign/-/object-assign-4.1.1.tgz",
      "integrity": "sha1-IQmtx5ZYh8/AXLvUQsrIv7s2CGM="
    },
    "prop-types": {
      "version": "15.7.2",
      "resolved": "https://registry.npmjs.org/prop-types/-/prop-types-15.7.2.tgz",
      "integrity": "sha512-8QQikdH7//R2vurIJSutZ1smHYTcLpRWEOlHnzcWHmBYrOGUysKwSsrC89BCiFj3CbrfJ/nXFdJepOVrY1GCHQ==",
      "requires": {
        "loose-envify": "1.4.0",
        "object-assign": "4.1.1",
        "react-is": "16.8.6"
      }
    },
    "react-flexbox-grid": {
      "version": "2.1.2",
      "resolved": "https://registry.npmjs.org/react-flexbox-grid/-/react-flexbox-grid-2.1.2.tgz",
      "integrity": "sha512-lj1oVnIJ7TY3W6tPjFUxlUYd1DLFxEg8RiX3HAYVvreE3O9HU9n2390CFoPQ+qk1E+5MXa2t/mLMafFLAa8+7Q==",
      "requires": {
        "flexboxgrid2": "7.2.1",
        "prop-types": "15.7.2"
      }
    },
    "react-is": {
      "version": "16.8.6",
      "resolved": "https://registry.npmjs.org/react-is/-/react-is-16.8.6.tgz",
      "integrity": "sha512-aUk3bHfZ2bRSVFFbbeVS4i+lNPZr3/WM5jT2J5omUVV1zzcs1nAaf3l51ctA5FFvCRbhrH0bdAsRRQddFJZPtA=="
    }
  }
}
